{
  "name": "Bitcoin icon set export helper",
  "version": "1.0.0",
  "lockfileVersion": 2,
  "requires": true,
  "packages": {
    "": {
      "name": "Bitcoin icon set export helper",
      "version": "1.0.0",
      "license": "MIT",
      "devDependencies": {
        "@figma/plugin-typings": "^1.19.2"
      }
    },
    "node_modules/@figma/plugin-typings": {
      "version": "1.64.0",
      "resolved": "https://registry.npmjs.org/@figma/plugin-typings/-/plugin-typings-1.64.0.tgz",
      "integrity": "sha512-oQUqYh790cXBP3x9Ejq0Wyp/AJZzYfjlB3Od8xuljL/lJFUsP+z4BSshB6nipYmQb6iih1+9d1PhgE9qxzuQQg==",
      "dev": true
    }
  },
  "dependencies": {
    "@figma/plugin-typings": {
      "version": "1.64.0",
      "resolved": "https://registry.npmjs.org/@figma/plugin-typings/-/plugin-typings-1.64.0.tgz",
      "integrity": "sha512-oQUqYh790cXBP3x9Ejq0Wyp/AJZzYfjlB3Od8xuljL/lJFUsP+z4BSshB6nipYmQb6iih1+9d1PhgE9qxzuQQg==",
      "dev": true
    }
  }
}
