{
  "name": "Bitcoin icon set export helper",
  "version": "1.0.0",
  "lockfileVersion": 2,
  "requires": true,
  "packages": {
    "": {
      "name": "Bitcoin icon set export helper",
      "version": "1.0.0",
      "license": "MIT",
      "devDependencies": {
        "@figma/plugin-typings": "^1.19.2"
      }
    },
    "node_modules/@figma/plugin-typings": {
      "version": "1.19.2",
      "resolved": "https://registry.npmjs.org/@figma/plugin-typings/-/plugin-typings-1.19.2.tgz",
      "integrity": "sha512-FjZpc2dA4kRsnmgABcniXyRosQFS6uOqi/WhTyuc/Fm08lV5eE1aP0OwkTNCJY3DA5qXkYGBrjzyXS+OwRI3aw==",
      "dev": true
    }
  },
  "dependencies": {
    "@figma/plugin-typings": {
      "version": "1.19.2",
      "resolved": "https://registry.npmjs.org/@figma/plugin-typings/-/plugin-typings-1.19.2.tgz",
      "integrity": "sha512-FjZpc2dA4kRsnmgABcniXyRosQFS6uOqi/WhTyuc/Fm08lV5eE1aP0OwkTNCJY3DA5qXkYGBrjzyXS+OwRI3aw==",
      "dev": true
    }
  }
}
